version = 1
revision = 2
requires-python = ">=3.11.7"

[[package]]
name = "dapt-xsd-val"
version = "0.1.0"
source = { editable = "." }
dependencies = [
    { name = "xmlschema" },
]

[package.metadata]
requires-dist = [{ name = "xmlschema", specifier = ">=4.1.0" }]

[[package]]
name = "elementpath"
version = "5.0.1"
source = { registry = "https://pypi.org/simple" }
sdist = { url = "https://files.pythonhosted.org/packages/ea/3d/0be6a0e373ac54bd53ab6c3b0722de9752dbd62e19d3d4d0f3f70ecbb246/elementpath-5.0.1.tar.gz", hash = "sha256:d3e4807b7e38e190e382eefef93f35ce6f71adf63b33e3f01d0e11f22e5d5cc7", size = 363233, upload-time = "2025-05-11T16:01:20.425Z" }
wheels = [
    { url = "https://files.pythonhosted.org/packages/dd/09/fbd26adb51ccd29fa65798fe9bf6e8a73720e37e437ac2cf1d51133bd1f5/elementpath-5.0.1-py3-none-any.whl", hash = "sha256:334f796578d1d273e99838b6a731d265985ea9ab399e22b74ea1c3a3faa73c83", size = 245130, upload-time = "2025-05-11T16:01:16.615Z" },
]

[[package]]
name = "xmlschema"
version = "4.1.0"
source = { registry = "https://pypi.org/simple" }
dependencies = [
    { name = "elementpath" },
]
sdist = { url = "https://files.pythonhosted.org/packages/dd/cb/dc0236ae209c924c1a7f4d3ae9d3371980beda85d1e0b5bd2d4f07372e48/xmlschema-4.1.0.tar.gz", hash = "sha256:88ac771cf94d5fc6bbd1a763db8c157f3d683ad23120b0d0b8c46fe4537f2adf", size = 633811, upload-time = "2025-06-05T21:17:39.32Z" }
wheels = [
    { url = "https://files.pythonhosted.org/packages/c5/2c/3ba8f8aeb3cb566e88a61ab0b0b767d5398d1e7293a0f7a76df9051e2b08/xmlschema-4.1.0-py3-none-any.whl", hash = "sha256:eabf610f398a58700bc4ac94380ad9ce558297a3f9ca8b7722ed3f7888eb4498", size = 458466, upload-time = "2025-06-05T21:17:35.265Z" },
]
